
Microsoft Visual Studio Solution File, Format Version 12.00
# Visual Studio Version 16
VisualStudioVersion = 16.0.30804.86
MinimumVisualStudioVersion = 10.0.40219.1
Project("{FAE04EC0-301F-11D3-BF4B-00C04F79EFBC}") = "ConverterApp.UWP", "ConverterApp\ConverterApp.UWP\ConverterApp.UWP.csproj", "{0437CE0D-6836-499B-801A-359799BEDDFF}"
EndProject
Project("{FAE04EC0-301F-11D3-BF4B-00C04F79EFBC}") = "ConverterApp.Android", "ConverterApp\ConverterApp.Android\ConverterApp.Android.csproj", "{E8B7FCBF-1573-4E39-8938-FAD88C0F996F}"
EndProject
Project("{FAE04EC0-301F-11D3-BF4B-00C04F79EFBC}") = "ConverterApp.iOS", "ConverterApp\ConverterApp.iOS\ConverterApp.iOS.csproj", "{88B714AE-7760-4429-B96F-68C9E76830A9}"
EndProject
Project("{9A19103F-16F7-4668-BE54-9A1E7A4F7556}") = "ConverterApp", "ConverterApp\ConverterApp\ConverterApp.csproj", "{E4FB0C24-8158-4006-9921-B44B714F8ED7}"
EndProject
Global
	GlobalSection(SolutionConfigurationPlatforms) = preSolution
		Debug|Any CPU = Debug|Any CPU
		Debug|ARM = Debug|ARM
		Debug|iPhone = Debug|iPhone
		Debug|iPhoneSimulator = Debug|iPhoneSimulator
		Debug|x64 = Debug|x64
		Debug|x86 = Debug|x86
		Release|Any CPU = Release|Any CPU
		Release|ARM = Release|ARM
		Release|iPhone = Release|iPhone
		Release|iPhoneSimulator = Release|iPhoneSimulator
		Release|x64 = Release|x64
		Release|x86 = Release|x86
	EndGlobalSection
	GlobalSection(ProjectConfigurationPlatforms) = postSolution
		{0437CE0D-6836-499B-801A-359799BEDDFF}.Debug|Any CPU.ActiveCfg = Debug|x86
		{0437CE0D-6836-499B-801A-359799BEDDFF}.Debug|Any CPU.Build.0 = Debug|x86
		{0437CE0D-6836-499B-801A-359799BEDDFF}.Debug|Any CPU.Deploy.0 = Debug|x86
		{0437CE0D-6836-499B-801A-359799BEDDFF}.Debug|ARM.ActiveCfg = Debug|ARM
		{0437CE0D-6836-499B-801A-359799BEDDFF}.Debug|ARM.Build.0 = Debug|ARM
		{0437CE0D-6836-499B-801A-359799BEDDFF}.Debug|ARM.Deploy.0 = Debug|ARM
		{0437CE0D-6836-499B-801A-359799BEDDFF}.Debug|iPhone.ActiveCfg = Debug|x86
		{0437CE0D-6836-499B-801A-359799BEDDFF}.Debug|iPhone.Build.0 = Debug|x86
		{0437CE0D-6836-499B-801A-359799BEDDFF}.Debug|iPhone.Deploy.0 = Debug|x86
		{0437CE0D-6836-499B-801A-359799BEDDFF}.Debug|iPhoneSimulator.ActiveCfg = Debug|x86
		{0437CE0D-6836-499B-801A-359799BEDDFF}.Debug|iPhoneSimulator.Build.0 = Debug|x86
		{0437CE0D-6836-499B-801A-359799BEDDFF}.Debug|iPhoneSimulator.Deploy.0 = Debug|x86
		{0437CE0D-6836-499B-801A-359799BEDDFF}.Debug|x64.ActiveCfg = Debug|x64
		{0437CE0D-6836-499B-801A-359799BEDDFF}.Debug|x64.Build.0 = Debug|x64
		{0437CE0D-6836-499B-801A-359799BEDDFF}.Debug|x64.Deploy.0 = Debug|x64
		{0437CE0D-6836-499B-801A-359799BEDDFF}.Debug|x86.ActiveCfg = Debug|x86
		{0437CE0D-6836-499B-801A-359799BEDDFF}.Debug|x86.Build.0 = Debug|x86
		{0437CE0D-6836-499B-801A-359799BEDDFF}.Debug|x86.Deploy.0 = Debug|x86
		{0437CE0D-6836-499B-801A-359799BEDDFF}.Release|Any CPU.ActiveCfg = Release|x86
		{0437CE0D-6836-499B-801A-359799BEDDFF}.Release|Any CPU.Build.0 = Release|x86
		{0437CE0D-6836-499B-801A-359799BEDDFF}.Release|Any CPU.Deploy.0 = Release|x86
		{0437CE0D-6836-499B-801A-359799BEDDFF}.Release|ARM.ActiveCfg = Release|ARM
		{0437CE0D-6836-499B-801A-359799BEDDFF}.Release|ARM.Build.0 = Release|ARM
		{0437CE0D-6836-499B-801A-359799BEDDFF}.Release|ARM.Deploy.0 = Release|ARM
		{0437CE0D-6836-499B-801A-359799BEDDFF}.Release|iPhone.ActiveCfg = Release|x86
		{0437CE0D-6836-499B-801A-359799BEDDFF}.Release|iPhone.Build.0 = Release|x86
		{0437CE0D-6836-499B-801A-359799BEDDFF}.Release|iPhone.Deploy.0 = Release|x86
		{0437CE0D-6836-499B-801A-359799BEDDFF}.Release|iPhoneSimulator.ActiveCfg = Release|x86
		{0437CE0D-6836-499B-801A-359799BEDDFF}.Release|iPhoneSimulator.Build.0 = Release|x86
		{0437CE0D-6836-499B-801A-359799BEDDFF}.Release|iPhoneSimulator.Deploy.0 = Release|x86
		{0437CE0D-6836-499B-801A-359799BEDDFF}.Release|x64.ActiveCfg = Release|x64
		{0437CE0D-6836-499B-801A-359799BEDDFF}.Release|x64.Build.0 = Release|x64
		{0437CE0D-6836-499B-801A-359799BEDDFF}.Release|x64.Deploy.0 = Release|x64
		{0437CE0D-6836-499B-801A-359799BEDDFF}.Release|x86.ActiveCfg = Release|x86
		{0437CE0D-6836-499B-801A-359799BEDDFF}.Release|x86.Build.0 = Release|x86
		{0437CE0D-6836-499B-801A-359799BEDDFF}.Release|x86.Deploy.0 = Release|x86
		{E8B7FCBF-1573-4E39-8938-FAD88C0F996F}.Debug|Any CPU.ActiveCfg = Debug|Any CPU
		{E8B7FCBF-1573-4E39-8938-FAD88C0F996F}.Debug|Any CPU.Build.0 = Debug|Any CPU
		{E8B7FCBF-1573-4E39-8938-FAD88C0F996F}.Debug|Any CPU.Deploy.0 = Debug|Any CPU
		{E8B7FCBF-1573-4E39-8938-FAD88C0F996F}.Debug|ARM.ActiveCfg = Debug|Any CPU
		{E8B7FCBF-1573-4E39-8938-FAD88C0F996F}.Debug|ARM.Build.0 = Debug|Any CPU
		{E8B7FCBF-1573-4E39-8938-FAD88C0F996F}.Debug|ARM.Deploy.0 = Debug|Any CPU
		{E8B7FCBF-1573-4E39-8938-FAD88C0F996F}.Debug|iPhone.ActiveCfg = Debug|Any CPU
		{E8B7FCBF-1573-4E39-8938-FAD88C0F996F}.Debug|iPhone.Build.0 = Debug|Any CPU
		{E8B7FCBF-1573-4E39-8938-FAD88C0F996F}.Debug|iPhone.Deploy.0 = Debug|Any CPU
		{E8B7FCBF-1573-4E39-8938-FAD88C0F996F}.Debug|iPhoneSimulator.ActiveCfg = Debug|Any CPU
		{E8B7FCBF-1573-4E39-8938-FAD88C0F996F}.Debug|iPhoneSimulator.Build.0 = Debug|Any CPU
		{E8B7FCBF-1573-4E39-8938-FAD88C0F996F}.Debug|iPhoneSimulator.Deploy.0 = Debug|Any CPU
		{E8B7FCBF-1573-4E39-8938-FAD88C0F996F}.Debug|x64.ActiveCfg = Debug|Any CPU
		{E8B7FCBF-1573-4E39-8938-FAD88C0F996F}.Debug|x64.Build.0 = Debug|Any CPU
		{E8B7FCBF-1573-4E39-8938-FAD88C0F996F}.Debug|x64.Deploy.0 = Debug|Any CPU
		{E8B7FCBF-1573-4E39-8938-FAD88C0F996F}.Debug|x86.ActiveCfg = Debug|Any CPU
		{E8B7FCBF-1573-4E39-8938-FAD88C0F996F}.Debug|x86.Build.0 = Debug|Any CPU
		{E8B7FCBF-1573-4E39-8938-FAD88C0F996F}.Debug|x86.Deploy.0 = Debug|Any CPU
		{E8B7FCBF-1573-4E39-8938-FAD88C0F996F}.Release|Any CPU.ActiveCfg = Release|Any CPU
		{E8B7FCBF-1573-4E39-8938-FAD88C0F996F}.Release|Any CPU.Build.0 = Release|Any CPU
		{E8B7FCBF-1573-4E39-8938-FAD88C0F996F}.Release|Any CPU.Deploy.0 = Release|Any CPU
		{E8B7FCBF-1573-4E39-8938-FAD88C0F996F}.Release|ARM.ActiveCfg = Release|Any CPU
		{E8B7FCBF-1573-4E39-8938-FAD88C0F996F}.Release|ARM.Build.0 = Release|Any CPU
		{E8B7FCBF-1573-4E39-8938-FAD88C0F996F}.Release|ARM.Deploy.0 = Release|Any CPU
		{E8B7FCBF-1573-4E39-8938-FAD88C0F996F}.Release|iPhone.ActiveCfg = Release|Any CPU
		{E8B7FCBF-1573-4E39-8938-FAD88C0F996F}.Release|iPhone.Build.0 = Release|Any CPU
		{E8B7FCBF-1573-4E39-8938-FAD88C0F996F}.Release|iPhone.Deploy.0 = Release|Any CPU
		{E8B7FCBF-1573-4E39-8938-FAD88C0F996F}.Release|iPhoneSimulator.ActiveCfg = Release|Any CPU
		{E8B7FCBF-1573-4E39-8938-FAD88C0F996F}.Release|iPhoneSimulator.Build.0 = Release|Any CPU
		{E8B7FCBF-1573-4E39-8938-FAD88C0F996F}.Release|iPhoneSimulator.Deploy.0 = Release|Any CPU
		{E8B7FCBF-1573-4E39-8938-FAD88C0F996F}.Release|x64.ActiveCfg = Release|Any CPU
		{E8B7FCBF-1573-4E39-8938-FAD88C0F996F}.Release|x64.Build.0 = Release|Any CPU
		{E8B7FCBF-1573-4E39-8938-FAD88C0F996F}.Release|x64.Deploy.0 = Release|Any CPU
		{E8B7FCBF-1573-4E39-8938-FAD88C0F996F}.Release|x86.ActiveCfg = Release|Any CPU
		{E8B7FCBF-1573-4E39-8938-FAD88C0F996F}.Release|x86.Build.0 = Release|Any CPU
		{E8B7FCBF-1573-4E39-8938-FAD88C0F996F}.Release|x86.Deploy.0 = Release|Any CPU
		{88B714AE-7760-4429-B96F-68C9E76830A9}.Debug|Any CPU.ActiveCfg = Debug|iPhoneSimulator
		{88B714AE-7760-4429-B96F-68C9E76830A9}.Debug|Any CPU.Build.0 = Debug|iPhoneSimulator
		{88B714AE-7760-4429-B96F-68C9E76830A9}.Debug|Any CPU.Deploy.0 = Debug|iPhoneSimulator
		{88B714AE-7760-4429-B96F-68C9E76830A9}.Debug|ARM.ActiveCfg = Debug|iPhone
		{88B714AE-7760-4429-B96F-68C9E76830A9}.Debug|ARM.Build.0 = Debug|iPhone
		{88B714AE-7760-4429-B96F-68C9E76830A9}.Debug|ARM.Deploy.0 = Debug|iPhone
		{88B714AE-7760-4429-B96F-68C9E76830A9}.Debug|iPhone.ActiveCfg = Debug|iPhone
		{88B714AE-7760-4429-B96F-68C9E76830A9}.Debug|iPhone.Build.0 = Debug|iPhone
		{88B714AE-7760-4429-B96F-68C9E76830A9}.Debug|iPhone.Deploy.0 = Debug|iPhone
		{88B714AE-7760-4429-B96F-68C9E76830A9}.Debug|iPhoneSimulator.ActiveCfg = Debug|iPhoneSimulator
		{88B714AE-7760-4429-B96F-68C9E76830A9}.Debug|iPhoneSimulator.Build.0 = Debug|iPhoneSimulator
		{88B714AE-7760-4429-B96F-68C9E76830A9}.Debug|iPhoneSimulator.Deploy.0 = Debug|iPhoneSimulator
		{88B714AE-7760-4429-B96F-68C9E76830A9}.Debug|x64.ActiveCfg = Debug|iPhoneSimulator
		{88B714AE-7760-4429-B96F-68C9E76830A9}.Debug|x64.Build.0 = Debug|iPhoneSimulator
		{88B714AE-7760-4429-B96F-68C9E76830A9}.Debug|x64.Deploy.0 = Debug|iPhoneSimulator
		{88B714AE-7760-4429-B96F-68C9E76830A9}.Debug|x86.ActiveCfg = Debug|iPhoneSimulator
		{88B714AE-7760-4429-B96F-68C9E76830A9}.Debug|x86.Build.0 = Debug|iPhoneSimulator
		{88B714AE-7760-4429-B96F-68C9E76830A9}.Debug|x86.Deploy.0 = Debug|iPhoneSimulator
		{88B714AE-7760-4429-B96F-68C9E76830A9}.Release|Any CPU.ActiveCfg = Release|iPhoneSimulator
		{88B714AE-7760-4429-B96F-68C9E76830A9}.Release|Any CPU.Build.0 = Release|iPhoneSimulator
		{88B714AE-7760-4429-B96F-68C9E76830A9}.Release|Any CPU.Deploy.0 = Release|iPhoneSimulator
		{88B714AE-7760-4429-B96F-68C9E76830A9}.Release|ARM.ActiveCfg = Release|iPhoneSimulator
		{88B714AE-7760-4429-B96F-68C9E76830A9}.Release|ARM.Build.0 = Release|iPhoneSimulator
		{88B714AE-7760-4429-B96F-68C9E76830A9}.Release|ARM.Deploy.0 = Release|iPhoneSimulator
		{88B714AE-7760-4429-B96F-68C9E76830A9}.Release|iPhone.ActiveCfg = Release|iPhone
		{88B714AE-7760-4429-B96F-68C9E76830A9}.Release|iPhone.Build.0 = Release|iPhone
		{88B714AE-7760-4429-B96F-68C9E76830A9}.Release|iPhone.Deploy.0 = Release|iPhone
		{88B714AE-7760-4429-B96F-68C9E76830A9}.Release|iPhoneSimulator.ActiveCfg = Release|iPhoneSimulator
		{88B714AE-7760-4429-B96F-68C9E76830A9}.Release|iPhoneSimulator.Build.0 = Release|iPhoneSimulator
		{88B714AE-7760-4429-B96F-68C9E76830A9}.Release|iPhoneSimulator.Deploy.0 = Release|iPhoneSimulator
		{88B714AE-7760-4429-B96F-68C9E76830A9}.Release|x64.ActiveCfg = Release|iPhoneSimulator
		{88B714AE-7760-4429-B96F-68C9E76830A9}.Release|x64.Build.0 = Release|iPhoneSimulator
		{88B714AE-7760-4429-B96F-68C9E76830A9}.Release|x64.Deploy.0 = Release|iPhoneSimulator
		{88B714AE-7760-4429-B96F-68C9E76830A9}.Release|x86.ActiveCfg = Release|iPhoneSimulator
		{88B714AE-7760-4429-B96F-68C9E76830A9}.Release|x86.Build.0 = Release|iPhoneSimulator
		{88B714AE-7760-4429-B96F-68C9E76830A9}.Release|x86.Deploy.0 = Release|iPhoneSimulator
		{E4FB0C24-8158-4006-9921-B44B714F8ED7}.Debug|Any CPU.ActiveCfg = Debug|Any CPU
		{E4FB0C24-8158-4006-9921-B44B714F8ED7}.Debug|Any CPU.Build.0 = Debug|Any CPU
		{E4FB0C24-8158-4006-9921-B44B714F8ED7}.Debug|Any CPU.Deploy.0 = Debug|Any CPU
		{E4FB0C24-8158-4006-9921-B44B714F8ED7}.Debug|ARM.ActiveCfg = Debug|Any CPU
		{E4FB0C24-8158-4006-9921-B44B714F8ED7}.Debug|ARM.Build.0 = Debug|Any CPU
		{E4FB0C24-8158-4006-9921-B44B714F8ED7}.Debug|ARM.Deploy.0 = Debug|Any CPU
		{E4FB0C24-8158-4006-9921-B44B714F8ED7}.Debug|iPhone.ActiveCfg = Debug|Any CPU
		{E4FB0C24-8158-4006-9921-B44B714F8ED7}.Debug|iPhone.Build.0 = Debug|Any CPU
		{E4FB0C24-8158-4006-9921-B44B714F8ED7}.Debug|iPhone.Deploy.0 = Debug|Any CPU
		{E4FB0C24-8158-4006-9921-B44B714F8ED7}.Debug|iPhoneSimulator.ActiveCfg = Debug|Any CPU
		{E4FB0C24-8158-4006-9921-B44B714F8ED7}.Debug|iPhoneSimulator.Build.0 = Debug|Any CPU
		{E4FB0C24-8158-4006-9921-B44B714F8ED7}.Debug|iPhoneSimulator.Deploy.0 = Debug|Any CPU
		{E4FB0C24-8158-4006-9921-B44B714F8ED7}.Debug|x64.ActiveCfg = Debug|Any CPU
		{E4FB0C24-8158-4006-9921-B44B714F8ED7}.Debug|x64.Build.0 = Debug|Any CPU
		{E4FB0C24-8158-4006-9921-B44B714F8ED7}.Debug|x64.Deploy.0 = Debug|Any CPU
		{E4FB0C24-8158-4006-9921-B44B714F8ED7}.Debug|x86.ActiveCfg = Debug|Any CPU
		{E4FB0C24-8158-4006-9921-B44B714F8ED7}.Debug|x86.Build.0 = Debug|Any CPU
		{E4FB0C24-8158-4006-9921-B44B714F8ED7}.Debug|x86.Deploy.0 = Debug|Any CPU
		{E4FB0C24-8158-4006-9921-B44B714F8ED7}.Release|Any CPU.ActiveCfg = Release|Any CPU
		{E4FB0C24-8158-4006-9921-B44B714F8ED7}.Release|Any CPU.Build.0 = Release|Any CPU
		{E4FB0C24-8158-4006-9921-B44B714F8ED7}.Release|Any CPU.Deploy.0 = Release|Any CPU
		{E4FB0C24-8158-4006-9921-B44B714F8ED7}.Release|ARM.ActiveCfg = Release|Any CPU
		{E4FB0C24-8158-4006-9921-B44B714F8ED7}.Release|ARM.Build.0 = Release|Any CPU
		{E4FB0C24-8158-4006-9921-B44B714F8ED7}.Release|ARM.Deploy.0 = Release|Any CPU
		{E4FB0C24-8158-4006-9921-B44B714F8ED7}.Release|iPhone.ActiveCfg = Release|Any CPU
		{E4FB0C24-8158-4006-9921-B44B714F8ED7}.Release|iPhone.Build.0 = Release|Any CPU
		{E4FB0C24-8158-4006-9921-B44B714F8ED7}.Release|iPhone.Deploy.0 = Release|Any CPU
		{E4FB0C24-8158-4006-9921-B44B714F8ED7}.Release|iPhoneSimulator.ActiveCfg = Release|Any CPU
		{E4FB0C24-8158-4006-9921-B44B714F8ED7}.Release|iPhoneSimulator.Build.0 = Release|Any CPU
		{E4FB0C24-8158-4006-9921-B44B714F8ED7}.Release|iPhoneSimulator.Deploy.0 = Release|Any CPU
		{E4FB0C24-8158-4006-9921-B44B714F8ED7}.Release|x64.ActiveCfg = Release|Any CPU
		{E4FB0C24-8158-4006-9921-B44B714F8ED7}.Release|x64.Build.0 = Release|Any CPU
		{E4FB0C24-8158-4006-9921-B44B714F8ED7}.Release|x64.Deploy.0 = Release|Any CPU
		{E4FB0C24-8158-4006-9921-B44B714F8ED7}.Release|x86.ActiveCfg = Release|Any CPU
		{E4FB0C24-8158-4006-9921-B44B714F8ED7}.Release|x86.Build.0 = Release|Any CPU
		{E4FB0C24-8158-4006-9921-B44B714F8ED7}.Release|x86.Deploy.0 = Release|Any CPU
	EndGlobalSection
	GlobalSection(SolutionProperties) = preSolution
		HideSolutionNode = FALSE
	EndGlobalSection
	GlobalSection(ExtensibilityGlobals) = postSolution
		SolutionGuid = {1BC9BC0F-4AA7-4F06-ACFF-6E1B124A7E78}
	EndGlobalSection
EndGlobal
